// !$*UTF8*$!
{
	archiveVersion = 1;
	classes = {
	};
	objectVersion = 51;
	objects = {

/* Begin PBXBuildFile section */
		385F093DD28E0CB88E37DDA3 /* Pods_Chat_App.framework in Frameworks */ = {isa = PBXBuildFile; fileRef = 56AD27DD8E4B4BC2F89ACC2A /* Pods_Chat_App.framework */; };
		834517B32487F5C200A5119D /* AppDelegate.swift in Sources */ = {isa = PBXBuildFile; fileRef = 834517B22487F5C200A5119D /* AppDelegate.swift */; };
		834517B52487F5C200A5119D /* SceneDelegate.swift in Sources */ = {isa = PBXBuildFile; fileRef = 834517B42487F5C200A5119D /* SceneDelegate.swift */; };
		834517B82487F5C200A5119D /* Chat_App.xcdatamodeld in Sources */ = {isa = PBXBuildFile; fileRef = 834517B62487F5C200A5119D /* Chat_App.xcdatamodeld */; };
		834517BA2487F5C200A5119D /* ContentView.swift in Sources */ = {isa = PBXBuildFile; fileRef = 834517B92487F5C200A5119D /* ContentView.swift */; };
		834517BC2487F5C300A5119D /* Assets.xcassets in Resources */ = {isa = PBXBuildFile; fileRef = 834517BB2487F5C300A5119D /* Assets.xcassets */; };
		834517BF2487F5C300A5119D /* Preview Assets.xcassets in Resources */ = {isa = PBXBuildFile; fileRef = 834517BE2487F5C300A5119D /* Preview Assets.xcassets */; };
		834517C22487F5C300A5119D /* LaunchScreen.storyboard in Resources */ = {isa = PBXBuildFile; fileRef = 834517C02487F5C300A5119D /* LaunchScreen.storyboard */; };
		834517CD2487F5C300A5119D /* Chat_AppTests.swift in Sources */ = {isa = PBXBuildFile; fileRef = 834517CC2487F5C300A5119D /* Chat_AppTests.swift */; };
		834517D82487F5C300A5119D /* Chat_AppUITests.swift in Sources */ = {isa = PBXBuildFile; fileRef = 834517D72487F5C300A5119D /* Chat_AppUITests.swift */; };
		834517E62487F77F00A5119D /* GoogleService-Info.plist in Resources */ = {isa = PBXBuildFile; fileRef = 834517E52487F77F00A5119D /* GoogleService-Info.plist */; };
		834517E92487F99000A5119D /* AuthViewModel.swift in Sources */ = {isa = PBXBuildFile; fileRef = 834517E82487F99000A5119D /* AuthViewModel.swift */; };
		834517EC2487FA4400A5119D /* User.swift in Sources */ = {isa = PBXBuildFile; fileRef = 834517EB2487FA4400A5119D /* User.swift */; };
		83F1287D248930EB00CA922C /* LoginView.swift in Sources */ = {isa = PBXBuildFile; fileRef = 83F1287C248930EB00CA922C /* LoginView.swift */; };
		83F128802489370900CA922C /* Corners.swift in Sources */ = {isa = PBXBuildFile; fileRef = 83F1287F2489370900CA922C /* Corners.swift */; };
		83F128842489372C00CA922C /* CustomShape.swift in Sources */ = {isa = PBXBuildFile; fileRef = 83F128832489372C00CA922C /* CustomShape.swift */; };
		D240E94B762FFB1DAE0F2499 /* Pods_Chat_App_Chat_AppUITests.framework in Frameworks */ = {isa = PBXBuildFile; fileRef = 94BE6807BBC452320737537A /* Pods_Chat_App_Chat_AppUITests.framework */; };
		FC392B83CDDD1878F50C4283 /* Pods_Chat_AppTests.framework in Frameworks */ = {isa = PBXBuildFile; fileRef = 3497F167B6419D8AF91764AB /* Pods_Chat_AppTests.framework */; };
/* End PBXBuildFile section */

/* Begin PBXContainerItemProxy section */
		834517C92487F5C300A5119D /* PBXContainerItemProxy */ = {
			isa = PBXContainerItemProxy;
			containerPortal = 834517A72487F5C200A5119D /* Project object */;
			proxyType = 1;
			remoteGlobalIDString = 834517AE2487F5C200A5119D;
			remoteInfo = "Chat App";
		};
		834517D42487F5C300A5119D /* PBXContainerItemProxy */ = {
			isa = PBXContainerItemProxy;
			containerPortal = 834517A72487F5C200A5119D /* Project object */;
			proxyType = 1;
			remoteGlobalIDString = 834517AE2487F5C200A5119D;
			remoteInfo = "Chat App";
		};
/* End PBXContainerItemProxy section */

/* Begin PBXFileReference section */
		16923D05B4B4F6E3E51DBDAA /* Pods-Chat App.debug.xcconfig */ = {isa = PBXFileReference; includeInIndex = 1; lastKnownFileType = text.xcconfig; name = "Pods-Chat App.debug.xcconfig"; path = "Target Support Files/Pods-Chat App/Pods-Chat App.debug.xcconfig"; sourceTree = "<group>"; };
		2298D26E4182F42FE7D3FBB3 /* Pods-Chat App-Chat AppUITests.release.xcconfig */ = {isa = PBXFileReference; includeInIndex = 1; lastKnownFileType = text.xcconfig; name = "Pods-Chat App-Chat AppUITests.release.xcconfig"; path = "Target Support Files/Pods-Chat App-Chat AppUITests/Pods-Chat App-Chat AppUITests.release.xcconfig"; sourceTree = "<group>"; };
		3497F167B6419D8AF91764AB /* Pods_Chat_AppTests.framework */ = {isa = PBXFileReference; explicitFileType = wrapper.framework; includeInIndex = 0; path = Pods_Chat_AppTests.framework; sourceTree = BUILT_PRODUCTS_DIR; };
		56AD27DD8E4B4BC2F89ACC2A /* Pods_Chat_App.framework */ = {isa = PBXFileReference; explicitFileType = wrapper.framework; includeInIndex = 0; path = Pods_Chat_App.framework; sourceTree = BUILT_PRODUCTS_DIR; };
		789702CF7854ABC53FF6BE67 /* Pods-Chat AppTests.debug.xcconfig */ = {isa = PBXFileReference; includeInIndex = 1; lastKnownFileType = text.xcconfig; name = "Pods-Chat AppTests.debug.xcconfig"; path = "Target Support Files/Pods-Chat AppTests/Pods-Chat AppTests.debug.xcconfig"; sourceTree = "<group>"; };
		834517AF2487F5C200A5119D /* Chat App.app */ = {isa = PBXFileReference; explicitFileType = wrapper.application; includeInIndex = 0; path = "Chat App.app"; sourceTree = BUILT_PRODUCTS_DIR; };
		834517B22487F5C200A5119D /* AppDelegate.swift */ = {isa = PBXFileReference; lastKnownFileType = sourcecode.swift; path = AppDelegate.swift; sourceTree = "<group>"; };
		834517B42487F5C200A5119D /* SceneDelegate.swift */ = {isa = PBXFileReference; lastKnownFileType = sourcecode.swift; path = SceneDelegate.swift; sourceTree = "<group>"; };
		834517B72487F5C200A5119D /* Chat_App.xcdatamodel */ = {isa = PBXFileReference; lastKnownFileType = wrapper.xcdatamodel; path = Chat_App.xcdatamodel; sourceTree = "<group>"; };
		834517B92487F5C200A5119D /* ContentView.swift */ = {isa = PBXFileReference; lastKnownFileType = sourcecode.swift; path = ContentView.swift; sourceTree = "<group>"; };
		834517BB2487F5C300A5119D /* Assets.xcassets */ = {isa = PBXFileReference; lastKnownFileType = folder.assetcatalog; path = Assets.xcassets; sourceTree = "<group>"; };
		834517BE2487F5C300A5119D /* Preview Assets.xcassets */ = {isa = PBXFileReference; lastKnownFileType = folder.assetcatalog; path = "Preview Assets.xcassets"; sourceTree = "<group>"; };
		834517C12487F5C300A5119D /* Base */ = {isa = PBXFileReference; lastKnownFileType = file.storyboard; name = Base; path = Base.lproj/LaunchScreen.storyboard; sourceTree = "<group>"; };
		834517C32487F5C300A5119D /* Info.plist */ = {isa = PBXFileReference; lastKnownFileType = text.plist.xml; path = Info.plist; sourceTree = "<group>"; };
		834517C82487F5C300A5119D /* Chat AppTests.xctest */ = {isa = PBXFileReference; explicitFileType = wrapper.cfbundle; includeInIndex = 0; path = "Chat AppTests.xctest"; sourceTree = BUILT_PRODUCTS_DIR; };
		834517CC2487F5C300A5119D /* Chat_AppTests.swift */ = {isa = PBXFileReference; lastKnownFileType = sourcecode.swift; path = Chat_AppTests.swift; sourceTree = "<group>"; };
		834517CE2487F5C300A5119D /* Info.plist */ = {isa = PBXFileReference; lastKnownFileType = text.plist.xml; path = Info.plist; sourceTree = "<group>"; };
		834517D32487F5C300A5119D /* Chat AppUITests.xctest */ = {isa = PBXFileReference; explicitFileType = wrapper.cfbundle; includeInIndex = 0; path = "Chat AppUITests.xctest"; sourceTree = BUILT_PRODUCTS_DIR; };
		834517D72487F5C300A5119D /* Chat_AppUITests.swift */ = {isa = PBXFileReference; lastKnownFileType = sourcecode.swift; path = Chat_AppUITests.swift; sourceTree = "<group>"; };
		834517D92487F5C300A5119D /* Info.plist */ = {isa = PBXFileReference; lastKnownFileType = text.plist.xml; path = Info.plist; sourceTree = "<group>"; };
		834517E52487F77F00A5119D /* GoogleService-Info.plist */ = {isa = PBXFileReference; fileEncoding = 4; lastKnownFileType = text.plist.xml; path = "GoogleService-Info.plist"; sourceTree = "<group>"; };
		834517E82487F99000A5119D /* AuthViewModel.swift */ = {isa = PBXFileReference; lastKnownFileType = sourcecode.swift; path = AuthViewModel.swift; sourceTree = "<group>"; };
		834517EB2487FA4400A5119D /* User.swift */ = {isa = PBXFileReference; lastKnownFileType = sourcecode.swift; path = User.swift; sourceTree = "<group>"; };
		83F1287C248930EB00CA922C /* LoginView.swift */ = {isa = PBXFileReference; lastKnownFileType = sourcecode.swift; path = LoginView.swift; sourceTree = "<group>"; };
		83F1287F2489370900CA922C /* Corners.swift */ = {isa = PBXFileReference; lastKnownFileType = sourcecode.swift; path = Corners.swift; sourceTree = "<group>"; };
		83F128832489372C00CA922C /* CustomShape.swift */ = {isa = PBXFileReference; lastKnownFileType = sourcecode.swift; path = CustomShape.swift; sourceTree = "<group>"; };
		94BE6807BBC452320737537A /* Pods_Chat_App_Chat_AppUITests.framework */ = {isa = PBXFileReference; explicitFileType = wrapper.framework; includeInIndex = 0; path = Pods_Chat_App_Chat_AppUITests.framework; sourceTree = BUILT_PRODUCTS_DIR; };
		9DAAF70205A352AAE611E4DD /* Pods-Chat App.release.xcconfig */ = {isa = PBXFileReference; includeInIndex = 1; lastKnownFileType = text.xcconfig; name = "Pods-Chat App.release.xcconfig"; path = "Target Support Files/Pods-Chat App/Pods-Chat App.release.xcconfig"; sourceTree = "<group>"; };
		9EDFFD66EEEDA63F76C9063C /* Pods-Chat AppTests.release.xcconfig */ = {isa = PBXFileReference; includeInIndex = 1; lastKnownFileType = text.xcconfig; name = "Pods-Chat AppTests.release.xcconfig"; path = "Target Support Files/Pods-Chat AppTests/Pods-Chat AppTests.release.xcconfig"; sourceTree = "<group>"; };
		C3275B49880903338E85788C /* Pods-Chat App-Chat AppUITests.debug.xcconfig */ = {isa = PBXFileReference; includeInIndex = 1; lastKnownFileType = text.xcconfig; name = "Pods-Chat App-Chat AppUITests.debug.xcconfig"; path = "Target Support Files/Pods-Chat App-Chat AppUITests/Pods-Chat App-Chat AppUITests.debug.xcconfig"; sourceTree = "<group>"; };
/* End PBXFileReference section */

/* Begin PBXFrameworksBuildPhase section */
		834517AC2487F5C200A5119D /* Frameworks */ = {
			isa = PBXFrameworksBuildPhase;
			buildActionMask = 2147483647;
			files = (
				385F093DD28E0CB88E37DDA3 /* Pods_Chat_App.framework in Frameworks */,
			);
			runOnlyForDeploymentPostprocessing = 0;
		};
		834517C52487F5C300A5119D /* Frameworks */ = {
			isa = PBXFrameworksBuildPhase;
			buildActionMask = 2147483647;
			files = (
				FC392B83CDDD1878F50C4283 /* Pods_Chat_AppTests.framework in Frameworks */,
			);
			runOnlyForDeploymentPostprocessing = 0;
		};
		834517D02487F5C300A5119D /* Frameworks */ = {
			isa = PBXFrameworksBuildPhase;
			buildActionMask = 2147483647;
			files = (
				D240E94B762FFB1DAE0F2499 /* Pods_Chat_App_Chat_AppUITests.framework in Frameworks */,
			);
			runOnlyForDeploymentPostprocessing = 0;
		};
/* End PBXFrameworksBuildPhase section */

/* Begin PBXGroup section */
		6B6F44AC5E781A16D968ED82 /* Frameworks */ = {
			isa = PBXGroup;
			children = (
				56AD27DD8E4B4BC2F89ACC2A /* Pods_Chat_App.framework */,
				94BE6807BBC452320737537A /* Pods_Chat_App_Chat_AppUITests.framework */,
				3497F167B6419D8AF91764AB /* Pods_Chat_AppTests.framework */,
			);
			name = Frameworks;
			sourceTree = "<group>";
		};
		834517A62487F5C100A5119D = {
			isa = PBXGroup;
			children = (
				834517B12487F5C200A5119D /* Chat App */,
				834517CB2487F5C300A5119D /* Chat AppTests */,
				834517D62487F5C300A5119D /* Chat AppUITests */,
				834517B02487F5C200A5119D /* Products */,
				D2458A41FE5BD4C42EC93B89 /* Pods */,
				6B6F44AC5E781A16D968ED82 /* Frameworks */,
			);
			sourceTree = "<group>";
		};
		834517B02487F5C200A5119D /* Products */ = {
			isa = PBXGroup;
			children = (
				834517AF2487F5C200A5119D /* Chat App.app */,
				834517C82487F5C300A5119D /* Chat AppTests.xctest */,
				834517D32487F5C300A5119D /* Chat AppUITests.xctest */,
			);
			name = Products;
			sourceTree = "<group>";
		};
		834517B12487F5C200A5119D /* Chat App */ = {
			isa = PBXGroup;
			children = (
				834517EF2487FEC600A5119D /* Resource */,
				834517EE2487FEB000A5119D /* Applications */,
				834517ED2487FEAA00A5119D /* Views */,
				834517EA2487FA3500A5119D /* Models */,
				834517E72487F97700A5119D /* ViewModels */,
				834517C32487F5C300A5119D /* Info.plist */,
				834517B62487F5C200A5119D /* Chat_App.xcdatamodeld */,
				834517BD2487F5C300A5119D /* Preview Content */,
			);
			path = "Chat App";
			sourceTree = "<group>";
		};
		834517BD2487F5C300A5119D /* Preview Content */ = {
			isa = PBXGroup;
			children = (
				834517BE2487F5C300A5119D /* Preview Assets.xcassets */,
			);
			path = "Preview Content";
			sourceTree = "<group>";
		};
		834517CB2487F5C300A5119D /* Chat AppTests */ = {
			isa = PBXGroup;
			children = (
				834517CC2487F5C300A5119D /* Chat_AppTests.swift */,
				834517CE2487F5C300A5119D /* Info.plist */,
			);
			path = "Chat AppTests";
			sourceTree = "<group>";
		};
		834517D62487F5C300A5119D /* Chat AppUITests */ = {
			isa = PBXGroup;
			children = (
				834517D72487F5C300A5119D /* Chat_AppUITests.swift */,
				834517D92487F5C300A5119D /* Info.plist */,
			);
			path = "Chat AppUITests";
			sourceTree = "<group>";
		};
		834517E72487F97700A5119D /* ViewModels */ = {
			isa = PBXGroup;
			children = (
				834517E82487F99000A5119D /* AuthViewModel.swift */,
			);
			path = ViewModels;
			sourceTree = "<group>";
		};
		834517EA2487FA3500A5119D /* Models */ = {
			isa = PBXGroup;
			children = (
				834517EB2487FA4400A5119D /* User.swift */,
			);
			path = Models;
			sourceTree = "<group>";
		};
		834517ED2487FEAA00A5119D /* Views */ = {
			isa = PBXGroup;
			children = (
				83F1287E2489370000CA922C /* Utils */,
				834517F12488009900A5119D /* Home */,
				834517F02488009100A5119D /* Login */,
				834517C02487F5C300A5119D /* LaunchScreen.storyboard */,
				834517B92487F5C200A5119D /* ContentView.swift */,
			);
			path = Views;
			sourceTree = "<group>";
		};
		834517EE2487FEB000A5119D /* Applications */ = {
			isa = PBXGroup;
			children = (
				834517E52487F77F00A5119D /* GoogleService-Info.plist */,
				834517B22487F5C200A5119D /* AppDelegate.swift */,
				834517B42487F5C200A5119D /* SceneDelegate.swift */,
			);
			path = Applications;
			sourceTree = "<group>";
		};
		834517EF2487FEC600A5119D /* Resource */ = {
			isa = PBXGroup;
			children = (
				834517BB2487F5C300A5119D /* Assets.xcassets */,
			);
			path = Resource;
			sourceTree = "<group>";
		};
		834517F02488009100A5119D /* Login */ = {
			isa = PBXGroup;
			children = (
				83F1287C248930EB00CA922C /* LoginView.swift */,
			);
			path = Login;
			sourceTree = "<group>";
		};
		834517F12488009900A5119D /* Home */ = {
			isa = PBXGroup;
			children = (
			);
			path = Home;
			sourceTree = "<group>";
		};
		83F1287E2489370000CA922C /* Utils */ = {
			isa = PBXGroup;
			children = (
				83F1287F2489370900CA922C /* Corners.swift */,
				83F128832489372C00CA922C /* CustomShape.swift */,
			);
			path = Utils;
			sourceTree = "<group>";
		};
		D2458A41FE5BD4C42EC93B89 /* Pods */ = {
			isa = PBXGroup;
			children = (
				16923D05B4B4F6E3E51DBDAA /* Pods-Chat App.debug.xcconfig */,
				9DAAF70205A352AAE611E4DD /* Pods-Chat App.release.xcconfig */,
				C3275B49880903338E85788C /* Pods-Chat App-Chat AppUITests.debug.xcconfig */,
				2298D26E4182F42FE7D3FBB3 /* Pods-Chat App-Chat AppUITests.release.xcconfig */,
				789702CF7854ABC53FF6BE67 /* Pods-Chat AppTests.debug.xcconfig */,
				9EDFFD66EEEDA63F76C9063C /* Pods-Chat AppTests.release.xcconfig */,
			);
			path = Pods;
			sourceTree = "<group>";
		};
/* End PBXGroup section */

/* Begin PBXNativeTarget section */
		834517AE2487F5C200A5119D /* Chat App */ = {
			isa = PBXNativeTarget;
			buildConfigurationList = 834517DC2487F5C400A5119D /* Build configuration list for PBXNativeTarget "Chat App" */;
			buildPhases = (
				9B8267B89FE226652969344A /* [CP] Check Pods Manifest.lock */,
				834517AB2487F5C200A5119D /* Sources */,
				834517AC2487F5C200A5119D /* Frameworks */,
				834517AD2487F5C200A5119D /* Resources */,
				5C1F80A9F66A5BF365535EC8 /* [CP] Embed Pods Frameworks */,
			);
			buildRules = (
			);
			dependencies = (
			);
			name = "Chat App";
			productName = "Chat App";
			productReference = 834517AF2487F5C200A5119D /* Chat App.app */;
			productType = "com.apple.product-type.application";
		};
		834517C72487F5C300A5119D /* Chat AppTests */ = {
			isa = PBXNativeTarget;
			buildConfigurationList = 834517DF2487F5C400A5119D /* Build configuration list for PBXNativeTarget "Chat AppTests" */;
			buildPhases = (
				FA781E99E594D1184DF1C163 /* [CP] Check Pods Manifest.lock */,
				834517C42487F5C300A5119D /* Sources */,
				834517C52487F5C300A5119D /* Frameworks */,
				834517C62487F5C300A5119D /* Resources */,
			);
			buildRules = (
			);
			dependencies = (
				834517CA2487F5C300A5119D /* PBXTargetDependency */,
			);
			name = "Chat AppTests";
			productName = "Chat AppTests";
			productReference = 834517C82487F5C300A5119D /* Chat AppTests.xctest */;
			productType = "com.apple.product-type.bundle.unit-test";
		};
		834517D22487F5C300A5119D /* Chat AppUITests */ = {
			isa = PBXNativeTarget;
			buildConfigurationList = 834517E22487F5C400A5119D /* Build configuration list for PBXNativeTarget "Chat AppUITests" */;
			buildPhases = (
				2BD59DCAC56A01BAC7ECB3AB /* [CP] Check Pods Manifest.lock */,
				834517CF2487F5C300A5119D /* Sources */,
				834517D02487F5C300A5119D /* Frameworks */,
				834517D12487F5C300A5119D /* Resources */,
				9CB523154858528D7D07311C /* [CP] Embed Pods Frameworks */,
			);
			buildRules = (
			);
			dependencies = (
				834517D52487F5C300A5119D /* PBXTargetDependency */,
			);
			name = "Chat AppUITests";
			productName = "Chat AppUITests";
			productReference = 834517D32487F5C300A5119D /* Chat AppUITests.xctest */;
			productType = "com.apple.product-type.bundle.ui-testing";
		};
/* End PBXNativeTarget section */

/* Begin PBXProject section */
		834517A72487F5C200A5119D /* Project object */ = {
			isa = PBXProject;
			attributes = {
				LastSwiftUpdateCheck = 1150;
				LastUpgradeCheck = 1150;
				ORGANIZATIONNAME = Wanhar;
				TargetAttributes = {
					834517AE2487F5C200A5119D = {
						CreatedOnToolsVersion = 11.5;
					};
					834517C72487F5C300A5119D = {
						CreatedOnToolsVersion = 11.5;
						TestTargetID = 834517AE2487F5C200A5119D;
					};
					834517D22487F5C300A5119D = {
						CreatedOnToolsVersion = 11.5;
						TestTargetID = 834517AE2487F5C200A5119D;
					};
				};
			};
			buildConfigurationList = 834517AA2487F5C200A5119D /* Build configuration list for PBXProject "Chat App" */;
			compatibilityVersion = "Xcode 9.3";
			developmentRegion = en;
			hasScannedForEncodings = 0;
			knownRegions = (
				en,
				Base,
			);
			mainGroup = 834517A62487F5C100A5119D;
			productRefGroup = 834517B02487F5C200A5119D /* Products */;
			projectDirPath = "";
			projectRoot = "";
			targets = (
				834517AE2487F5C200A5119D /* Chat App */,
				834517C72487F5C300A5119D /* Chat AppTests */,
				834517D22487F5C300A5119D /* Chat AppUITests */,
			);
		};
/* End PBXProject section */

/* Begin PBXResourcesBuildPhase section */
		834517AD2487F5C200A5119D /* Resources */ = {
			isa = PBXResourcesBuildPhase;
			buildActionMask = 2147483647;
			files = (
				834517C22487F5C300A5119D /* LaunchScreen.storyboard in Resources */,
				834517E62487F77F00A5119D /* GoogleService-Info.plist in Resources */,
				834517BF2487F5C300A5119D /* Preview Assets.xcassets in Resources */,
				834517BC2487F5C300A5119D /* Assets.xcassets in Resources */,
			);
			runOnlyForDeploymentPostprocessing = 0;
		};
		834517C62487F5C300A5119D /* Resources */ = {
			isa = PBXResourcesBuildPhase;
			buildActionMask = 2147483647;
			files = (
			);
			runOnlyForDeploymentPostprocessing = 0;
		};
		834517D12487F5C300A5119D /* Resources */ = {
			isa = PBXResourcesBuildPhase;
			buildActionMask = 2147483647;
			files = (
			);
			runOnlyForDeploymentPostprocessing = 0;
		};
/* End PBXResourcesBuildPhase section */

/* Begin PBXShellScriptBuildPhase section */
		2BD59DCAC56A01BAC7ECB3AB /* [CP] Check Pods Manifest.lock */ = {
			isa = PBXShellScriptBuildPhase;
			buildActionMask = 2147483647;
			files = (
			);
			inputFileListPaths = (
			);
			inputPaths = (
				"${PODS_PODFILE_DIR_PATH}/Podfile.lock",
				"${PODS_ROOT}/Manifest.lock",
			);
			name = "[CP] Check Pods Manifest.lock";
			outputFileListPaths = (
			);
			outputPaths = (
				"$(DERIVED_FILE_DIR)/Pods-Chat App-Chat AppUITests-checkManifestLockResult.txt",
			);
			runOnlyForDeploymentPostprocessing = 0;
			shellPath = /bin/sh;
			shellScript = "diff \"${PODS_PODFILE_DIR_PATH}/Podfile.lock\" \"${PODS_ROOT}/Manifest.lock\" > /dev/null\nif [ $? != 0 ] ; then\n    # print error to STDERR\n    echo \"error: The sandbox is not in sync with the Podfile.lock. Run 'pod install' or update your CocoaPods installation.\" >&2\n    exit 1\nfi\n# This output is used by Xcode 'outputs' to avoid re-running this script phase.\necho \"SUCCESS\" > \"${SCRIPT_OUTPUT_FILE_0}\"\n";
			showEnvVarsInLog = 0;
		};
		5C1F80A9F66A5BF365535EC8 /* [CP] Embed Pods Frameworks */ = {
			isa = PBXShellScriptBuildPhase;
			buildActionMask = 2147483647;
			files = (
			);
			inputFileListPaths = (
				"${PODS_ROOT}/Target Support Files/Pods-Chat App/Pods-Chat App-frameworks-${CONFIGURATION}-input-files.xcfilelist",
			);
			name = "[CP] Embed Pods Frameworks";
			outputFileListPaths = (
				"${PODS_ROOT}/Target Support Files/Pods-Chat App/Pods-Chat App-frameworks-${CONFIGURATION}-output-files.xcfilelist",
			);
			runOnlyForDeploymentPostprocessing = 0;
			shellPath = /bin/sh;
			shellScript = "\"${PODS_ROOT}/Target Support Files/Pods-Chat App/Pods-Chat App-frameworks.sh\"\n";
			showEnvVarsInLog = 0;
		};
		9B8267B89FE226652969344A /* [CP] Check Pods Manifest.lock */ = {
			isa = PBXShellScriptBuildPhase;
			buildActionMask = 2147483647;
			files = (
			);
			inputFileListPaths = (
			);
			inputPaths = (
				"${PODS_PODFILE_DIR_PATH}/Podfile.lock",
				"${PODS_ROOT}/Manifest.lock",
			);
			name = "[CP] Check Pods Manifest.lock";
			outputFileListPaths = (
			);
			outputPaths = (
				"$(DERIVED_FILE_DIR)/Pods-Chat App-checkManifestLockResult.txt",
			);
			runOnlyForDeploymentPostprocessing = 0;
			shellPath = /bin/sh;
			shellScript = "diff \"${PODS_PODFILE_DIR_PATH}/Podfile.lock\" \"${PODS_ROOT}/Manifest.lock\" > /dev/null\nif [ $? != 0 ] ; then\n    # print error to STDERR\n    echo \"error: The sandbox is not in sync with the Podfile.lock. Run 'pod install' or update your CocoaPods installation.\" >&2\n    exit 1\nfi\n# This output is used by Xcode 'outputs' to avoid re-running this script phase.\necho \"SUCCESS\" > \"${SCRIPT_OUTPUT_FILE_0}\"\n";
			showEnvVarsInLog = 0;
		};
		9CB523154858528D7D07311C /* [CP] Embed Pods Frameworks */ = {
			isa = PBXShellScriptBuildPhase;
			buildActionMask = 2147483647;
			files = (
			);
			inputFileListPaths = (
				"${PODS_ROOT}/Target Support Files/Pods-Chat App-Chat AppUITests/Pods-Chat App-Chat AppUITests-frameworks-${CONFIGURATION}-input-files.xcfilelist",
			);
			name = "[CP] Embed Pods Frameworks";
			outputFileListPaths = (
				"${PODS_ROOT}/Target Support Files/Pods-Chat App-Chat AppUITests/Pods-Chat App-Chat AppUITests-frameworks-${CONFIGURATION}-output-files.xcfilelist",
			);
			runOnlyForDeploymentPostprocessing = 0;
			shellPath = /bin/sh;
			shellScript = "\"${PODS_ROOT}/Target Support Files/Pods-Chat App-Chat AppUITests/Pods-Chat App-Chat AppUITests-frameworks.sh\"\n";
			showEnvVarsInLog = 0;
		};
		FA781E99E594D1184DF1C163 /* [CP] Check Pods Manifest.lock */ = {
			isa = PBXShellScriptBuildPhase;
			buildActionMask = 2147483647;
			files = (
			);
			inputFileListPaths = (
			);
			inputPaths = (
				"${PODS_PODFILE_DIR_PATH}/Podfile.lock",
				"${PODS_ROOT}/Manifest.lock",
			);
			name = "[CP] Check Pods Manifest.lock";
			outputFileListPaths = (
			);
			outputPaths = (
				"$(DERIVED_FILE_DIR)/Pods-Chat AppTests-checkManifestLockResult.txt",
			);
			runOnlyForDeploymentPostprocessing = 0;
			shellPath = /bin/sh;
			shellScript = "diff \"${PODS_PODFILE_DIR_PATH}/Podfile.lock\" \"${PODS_ROOT}/Manifest.lock\" > /dev/null\nif [ $? != 0 ] ; then\n    # print error to STDERR\n    echo \"error: The sandbox is not in sync with the Podfile.lock. Run 'pod install' or update your CocoaPods installation.\" >&2\n    exit 1\nfi\n# This output is used by Xcode 'outputs' to avoid re-running this script phase.\necho \"SUCCESS\" > \"${SCRIPT_OUTPUT_FILE_0}\"\n";
			showEnvVarsInLog = 0;
		};
/* End PBXShellScriptBuildPhase section */

/* Begin PBXSourcesBuildPhase section */
		834517AB2487F5C200A5119D /* Sources */ = {
			isa = PBXSourcesBuildPhase;
			buildActionMask = 2147483647;
			files = (
				834517E92487F99000A5119D /* AuthViewModel.swift in Sources */,
				83F1287D248930EB00CA922C /* LoginView.swift in Sources */,
				83F128842489372C00CA922C /* CustomShape.swift in Sources */,
				834517B32487F5C200A5119D /* AppDelegate.swift in Sources */,
				834517EC2487FA4400A5119D /* User.swift in Sources */,
				83F128802489370900CA922C /* Corners.swift in Sources */,
				834517B82487F5C200A5119D /* Chat_App.xcdatamodeld in Sources */,
				834517BA2487F5C200A5119D /* ContentView.swift in Sources */,
				834517B52487F5C200A5119D /* SceneDelegate.swift in Sources */,
			);
			runOnlyForDeploymentPostprocessing = 0;
		};
		834517C42487F5C300A5119D /* Sources */ = {
			isa = PBXSourcesBuildPhase;
			buildActionMask = 2147483647;
			files = (
				834517CD2487F5C300A5119D /* Chat_AppTests.swift in Sources */,
			);
			runOnlyForDeploymentPostprocessing = 0;
		};
		834517CF2487F5C300A5119D /* Sources */ = {
			isa = PBXSourcesBuildPhase;
			buildActionMask = 2147483647;
			files = (
				834517D82487F5C300A5119D /* Chat_AppUITests.swift in Sources */,
			);
			runOnlyForDeploymentPostprocessing = 0;
		};
/* End PBXSourcesBuildPhase section */

/* Begin PBXTargetDependency section */
		834517CA2487F5C300A5119D /* PBXTargetDependency */ = {
			isa = PBXTargetDependency;
			target = 834517AE2487F5C200A5119D /* Chat App */;
			targetProxy = 834517C92487F5C300A5119D /* PBXContainerItemProxy */;
		};
		834517D52487F5C300A5119D /* PBXTargetDependency */ = {
			isa = PBXTargetDependency;
			target = 834517AE2487F5C200A5119D /* Chat App */;
			targetProxy = 834517D42487F5C300A5119D /* PBXContainerItemProxy */;
		};
/* End PBXTargetDependency section */

/* Begin PBXVariantGroup section */
		834517C02487F5C300A5119D /* LaunchScreen.storyboard */ = {
			isa = PBXVariantGroup;
			children = (
				834517C12487F5C300A5119D /* Base */,
			);
			name = LaunchScreen.storyboard;
			sourceTree = "<group>";
		};
/* End PBXVariantGroup section */

/* Begin XCBuildConfiguration section */
		834517DA2487F5C400A5119D /* Debug */ = {
			isa = XCBuildConfiguration;
			buildSettings = {
				ALWAYS_SEARCH_USER_PATHS = NO;
				CLANG_ANALYZER_NONNULL = YES;
				CLANG_ANALYZER_NUMBER_OBJECT_CONVERSION = YES_AGGRESSIVE;
				CLANG_CXX_LANGUAGE_STANDARD = "gnu++14";
				CLANG_CXX_LIBRARY = "libc++";
				CLANG_ENABLE_MODULES = YES;
				CLANG_ENABLE_OBJC_ARC = YES;
				CLANG_ENABLE_OBJC_WEAK = YES;
				CLANG_WARN_BLOCK_CAPTURE_AUTORELEASING = YES;
				CLANG_WARN_BOOL_CONVERSION = YES;
				CLANG_WARN_COMMA = YES;
				CLANG_WARN_CONSTANT_CONVERSION = YES;
				CLANG_WARN_DEPRECATED_OBJC_IMPLEMENTATIONS = YES;
				CLANG_WARN_DIRECT_OBJC_ISA_USAGE = YES_ERROR;
				CLANG_WARN_DOCUMENTATION_COMMENTS = YES;
				CLANG_WARN_EMPTY_BODY = YES;
				CLANG_WARN_ENUM_CONVERSION = YES;
				CLANG_WARN_INFINITE_RECURSION = YES;
				CLANG_WARN_INT_CONVERSION = YES;
				CLANG_WARN_NON_LITERAL_NULL_CONVERSION = YES;
				CLANG_WARN_OBJC_IMPLICIT_RETAIN_SELF = YES;
				CLANG_WARN_OBJC_LITERAL_CONVERSION = YES;
				CLANG_WARN_OBJC_ROOT_CLASS = YES_ERROR;
				CLANG_WARN_RANGE_LOOP_ANALYSIS = YES;
				CLANG_WARN_STRICT_PROTOTYPES = YES;
				CLANG_WARN_SUSPICIOUS_MOVE = YES;
				CLANG_WARN_UNGUARDED_AVAILABILITY = YES_AGGRESSIVE;
				CLANG_WARN_UNREACHABLE_CODE = YES;
				CLANG_WARN__DUPLICATE_METHOD_MATCH = YES;
				COPY_PHASE_STRIP = NO;
				DEBUG_INFORMATION_FORMAT = dwarf;
				ENABLE_STRICT_OBJC_MSGSEND = YES;
				ENABLE_TESTABILITY = YES;
				GCC_C_LANGUAGE_STANDARD = gnu11;
				GCC_DYNAMIC_NO_PIC = NO;
				GCC_NO_COMMON_BLOCKS = YES;
				GCC_OPTIMIZATION_LEVEL = 0;
				GCC_PREPROCESSOR_DEFINITIONS = (
					"DEBUG=1",
					"$(inherited)",
				);
				GCC_WARN_64_TO_32_BIT_CONVERSION = YES;
				GCC_WARN_ABOUT_RETURN_TYPE = YES_ERROR;
				GCC_WARN_UNDECLARED_SELECTOR = YES;
				GCC_WARN_UNINITIALIZED_AUTOS = YES_AGGRESSIVE;
				GCC_WARN_UNUSED_FUNCTION = YES;
				GCC_WARN_UNUSED_VARIABLE = YES;
				IPHONEOS_DEPLOYMENT_TARGET = 13.5;
				MTL_ENABLE_DEBUG_INFO = INCLUDE_SOURCE;
				MTL_FAST_MATH = YES;
				ONLY_ACTIVE_ARCH = YES;
				SDKROOT = iphoneos;
				SWIFT_ACTIVE_COMPILATION_CONDITIONS = DEBUG;
				SWIFT_OPTIMIZATION_LEVEL = "-Onone";
			};
			name = Debug;
		};
		834517DB2487F5C400A5119D /* Release */ = {
			isa = XCBuildConfiguration;
			buildSettings = {
				ALWAYS_SEARCH_USER_PATHS = NO;
				CLANG_ANALYZER_NONNULL = YES;
				CLANG_ANALYZER_NUMBER_OBJECT_CONVERSION = YES_AGGRESSIVE;
				CLANG_CXX_LANGUAGE_STANDARD = "gnu++14";
				CLANG_CXX_LIBRARY = "libc++";
				CLANG_ENABLE_MODULES = YES;
				CLANG_ENABLE_OBJC_ARC = YES;
				CLANG_ENABLE_OBJC_WEAK = YES;
				CLANG_WARN_BLOCK_CAPTURE_AUTORELEASING = YES;
				CLANG_WARN_BOOL_CONVERSION = YES;
				CLANG_WARN_COMMA = YES;
				CLANG_WARN_CONSTANT_CONVERSION = YES;
				CLANG_WARN_DEPRECATED_OBJC_IMPLEMENTATIONS = YES;
				CLANG_WARN_DIRECT_OBJC_ISA_USAGE = YES_ERROR;
				CLANG_WARN_DOCUMENTATION_COMMENTS = YES;
				CLANG_WARN_EMPTY_BODY = YES;
				CLANG_WARN_ENUM_CONVERSION = YES;
				CLANG_WARN_INFINITE_RECURSION = YES;
				CLANG_WARN_INT_CONVERSION = YES;
				CLANG_WARN_NON_LITERAL_NULL_CONVERSION = YES;
				CLANG_WARN_OBJC_IMPLICIT_RETAIN_SELF = YES;
				CLANG_WARN_OBJC_LITERAL_CONVERSION = YES;
				CLANG_WARN_OBJC_ROOT_CLASS = YES_ERROR;
				CLANG_WARN_RANGE_LOOP_ANALYSIS = YES;
				CLANG_WARN_STRICT_PROTOTYPES = YES;
				CLANG_WARN_SUSPICIOUS_MOVE = YES;
				CLANG_WARN_UNGUARDED_AVAILABILITY = YES_AGGRESSIVE;
				CLANG_WARN_UNREACHABLE_CODE = YES;
				CLANG_WARN__DUPLICATE_METHOD_MATCH = YES;
				COPY_PHASE_STRIP = NO;
				DEBUG_INFORMATION_FORMAT = "dwarf-with-dsym";
				ENABLE_NS_ASSERTIONS = NO;
				ENABLE_STRICT_OBJC_MSGSEND = YES;
				GCC_C_LANGUAGE_STANDARD = gnu11;
				GCC_NO_COMMON_BLOCKS = YES;
				GCC_WARN_64_TO_32_BIT_CONVERSION = YES;
				GCC_WARN_ABOUT_RETURN_TYPE = YES_ERROR;
				GCC_WARN_UNDECLARED_SELECTOR = YES;
				GCC_WARN_UNINITIALIZED_AUTOS = YES_AGGRESSIVE;
				GCC_WARN_UNUSED_FUNCTION = YES;
				GCC_WARN_UNUSED_VARIABLE = YES;
				IPHONEOS_DEPLOYMENT_TARGET = 13.5;
				MTL_ENABLE_DEBUG_INFO = NO;
				MTL_FAST_MATH = YES;
				SDKROOT = iphoneos;
				SWIFT_COMPILATION_MODE = wholemodule;
				SWIFT_OPTIMIZATION_LEVEL = "-O";
				VALIDATE_PRODUCT = YES;
			};
			name = Release;
		};
		834517DD2487F5C400A5119D /* Debug */ = {
			isa = XCBuildConfiguration;
			baseConfigurationReference = 16923D05B4B4F6E3E51DBDAA /* Pods-Chat App.debug.xcconfig */;
			buildSettings = {
				ASSETCATALOG_COMPILER_APPICON_NAME = AppIcon;
				CODE_SIGN_STYLE = Automatic;
				DEVELOPMENT_ASSET_PATHS = "\"Chat App/Preview Content\"";
				DEVELOPMENT_TEAM = D9X49T6R38;
				ENABLE_PREVIEWS = YES;
				INFOPLIST_FILE = "Chat App/Info.plist";
				LD_RUNPATH_SEARCH_PATHS = (
					"$(inherited)",
					"@executable_path/Frameworks",
				);
				PRODUCT_BUNDLE_IDENTIFIER = "com.takalar.Chat-App";
				PRODUCT_NAME = "$(TARGET_NAME)";
				SWIFT_VERSION = 5.0;
				TARGETED_DEVICE_FAMILY = "1,2";
			};
			name = Debug;
		};
		834517DE2487F5C400A5119D /* Release */ = {
			isa = XCBuildConfiguration;
			baseConfigurationReference = 9DAAF70205A352AAE611E4DD /* Pods-Chat App.release.xcconfig */;
			buildSettings = {
				ASSETCATALOG_COMPILER_APPICON_NAME = AppIcon;
				CODE_SIGN_STYLE = Automatic;
				DEVELOPMENT_ASSET_PATHS = "\"Chat App/Preview Content\"";
				DEVELOPMENT_TEAM = D9X49T6R38;
				ENABLE_PREVIEWS = YES;
				INFOPLIST_FILE = "Chat App/Info.plist";
				LD_RUNPATH_SEARCH_PATHS = (
					"$(inherited)",
					"@executable_path/Frameworks",
				);
				PRODUCT_BUNDLE_IDENTIFIER = "com.takalar.Chat-App";
				PRODUCT_NAME = "$(TARGET_NAME)";
				SWIFT_VERSION = 5.0;
				TARGETED_DEVICE_FAMILY = "1,2";
			};
			name = Release;
		};
		834517E02487F5C400A5119D /* Debug */ = {
			isa = XCBuildConfiguration;
			baseConfigurationReference = 789702CF7854ABC53FF6BE67 /* Pods-Chat AppTests.debug.xcconfig */;
			buildSettings = {
				ALWAYS_EMBED_SWIFT_STANDARD_LIBRARIES = YES;
				BUNDLE_LOADER = "$(TEST_HOST)";
				CODE_SIGN_STYLE = Automatic;
				DEVELOPMENT_TEAM = D9X49T6R38;
				INFOPLIST_FILE = "Chat AppTests/Info.plist";
				IPHONEOS_DEPLOYMENT_TARGET = 13.5;
				LD_RUNPATH_SEARCH_PATHS = (
					"$(inherited)",
					"@executable_path/Frameworks",
					"@loader_path/Frameworks",
				);
				PRODUCT_BUNDLE_IDENTIFIER = "com.takalar.Chat-AppTests";
				PRODUCT_NAME = "$(TARGET_NAME)";
				SWIFT_VERSION = 5.0;
				TARGETED_DEVICE_FAMILY = "1,2";
				TEST_HOST = "$(BUILT_PRODUCTS_DIR)/Chat App.app/Chat App";
			};
			name = Debug;
		};
		834517E12487F5C400A5119D /* Release */ = {
			isa = XCBuildConfiguration;
			baseConfigurationReference = 9EDFFD66EEEDA63F76C9063C /* Pods-Chat AppTests.release.xcconfig */;
			buildSettings = {
				ALWAYS_EMBED_SWIFT_STANDARD_LIBRARIES = YES;
				BUNDLE_LOADER = "$(TEST_HOST)";
				CODE_SIGN_STYLE = Automatic;
				DEVELOPMENT_TEAM = D9X49T6R38;
				INFOPLIST_FILE = "Chat AppTests/Info.plist";
				IPHONEOS_DEPLOYMENT_TARGET = 13.5;
				LD_RUNPATH_SEARCH_PATHS = (
					"$(inherited)",
					"@executable_path/Frameworks",
					"@loader_path/Frameworks",
				);
				PRODUCT_BUNDLE_IDENTIFIER = "com.takalar.Chat-AppTests";
				PRODUCT_NAME = "$(TARGET_NAME)";
				SWIFT_VERSION = 5.0;
				TARGETED_DEVICE_FAMILY = "1,2";
				TEST_HOST = "$(BUILT_PRODUCTS_DIR)/Chat App.app/Chat App";
			};
			name = Release;
		};
		834517E32487F5C400A5119D /* Debug */ = {
			isa = XCBuildConfiguration;
			baseConfigurationReference = C3275B49880903338E85788C /* Pods-Chat App-Chat AppUITests.debug.xcconfig */;
			buildSettings = {
				ALWAYS_EMBED_SWIFT_STANDARD_LIBRARIES = YES;
				CODE_SIGN_STYLE = Automatic;
				DEVELOPMENT_TEAM = D9X49T6R38;
				INFOPLIST_FILE = "Chat AppUITests/Info.plist";
				LD_RUNPATH_SEARCH_PATHS = (
					"$(inherited)",
					"@executable_path/Frameworks",
					"@loader_path/Frameworks",
				);
				PRODUCT_BUNDLE_IDENTIFIER = "com.takalar.Chat-AppUITests";
				PRODUCT_NAME = "$(TARGET_NAME)";
				SWIFT_VERSION = 5.0;
				TARGETED_DEVICE_FAMILY = "1,2";
				TEST_TARGET_NAME = "Chat App";
			};
			name = Debug;
		};
		834517E42487F5C400A5119D /* Release */ = {
			isa = XCBuildConfiguration;
			baseConfigurationReference = 2298D26E4182F42FE7D3FBB3 /* Pods-Chat App-Chat AppUITests.release.xcconfig */;
			buildSettings = {
				ALWAYS_EMBED_SWIFT_STANDARD_LIBRARIES = YES;
				CODE_SIGN_STYLE = Automatic;
				DEVELOPMENT_TEAM = D9X49T6R38;
				INFOPLIST_FILE = "Chat AppUITests/Info.plist";
				LD_RUNPATH_SEARCH_PATHS = (
					"$(inherited)",
					"@executable_path/Frameworks",
					"@loader_path/Frameworks",
				);
				PRODUCT_BUNDLE_IDENTIFIER = "com.takalar.Chat-AppUITests";
				PRODUCT_NAME = "$(TARGET_NAME)";
				SWIFT_VERSION = 5.0;
				TARGETED_DEVICE_FAMILY = "1,2";
				TEST_TARGET_NAME = "Chat App";
			};
			name = Release;
		};
/* End XCBuildConfiguration section */

/* Begin XCConfigurationList section */
		834517AA2487F5C200A5119D /* Build configuration list for PBXProject "Chat App" */ = {
			isa = XCConfigurationList;
			buildConfigurations = (
				834517DA2487F5C400A5119D /* Debug */,
				834517DB2487F5C400A5119D /* Release */,
			);
			defaultConfigurationIsVisible = 0;
			defaultConfigurationName = Release;
		};
		834517DC2487F5C400A5119D /* Build configuration list for PBXNativeTarget "Chat App" */ = {
			isa = XCConfigurationList;
			buildConfigurations = (
				834517DD2487F5C400A5119D /* Debug */,
				834517DE2487F5C400A5119D /* Release */,
			);
			defaultConfigurationIsVisible = 0;
			defaultConfigurationName = Release;
		};
		834517DF2487F5C400A5119D /* Build configuration list for PBXNativeTarget "Chat AppTests" */ = {
			isa = XCConfigurationList;
			buildConfigurations = (
				834517E02487F5C400A5119D /* Debug */,
				834517E12487F5C400A5119D /* Release */,
			);
			defaultConfigurationIsVisible = 0;
			defaultConfigurationName = Release;
		};
		834517E22487F5C400A5119D /* Build configuration list for PBXNativeTarget "Chat AppUITests" */ = {
			isa = XCConfigurationList;
			buildConfigurations = (
				834517E32487F5C400A5119D /* Debug */,
				834517E42487F5C400A5119D /* Release */,
			);
			defaultConfigurationIsVisible = 0;
			defaultConfigurationName = Release;
		};
/* End XCConfigurationList section */

/* Begin XCVersionGroup section */
		834517B62487F5C200A5119D /* Chat_App.xcdatamodeld */ = {
			isa = XCVersionGroup;
			children = (
				834517B72487F5C200A5119D /* Chat_App.xcdatamodel */,
			);
			currentVersion = 834517B72487F5C200A5119D /* Chat_App.xcdatamodel */;
			path = Chat_App.xcdatamodeld;
			sourceTree = "<group>";
			versionGroupType = wrapper.xcdatamodel;
		};
/* End XCVersionGroup section */
	};
	rootObject = 834517A72487F5C200A5119D /* Project object */;
}
